
Microsoft Visual Studio Solution File, Format Version 12.00
# Visual Studio 15
Project("{FAE04EC0-301F-11D3-BF4B-00C04F79EFBC}") = "SampleApp", "SampleApp.csproj", "{B775FD21-D2B2-46FA-B07B-972962A545DE}"
EndProject
Global
	GlobalSection(SolutionConfigurationPlatforms) = preSolution
		Debug|Any CPU = Debug|Any CPU
		Release|Any CPU = Release|Any CPU
	EndGlobalSection
	GlobalSection(ProjectConfigurationPlatforms) = postSolution
		{B775FD21-D2B2-46FA-B07B-972962A545DE}.Debug|Any CPU.ActiveCfg = Debug|Any CPU
		{B775FD21-D2B2-46FA-B07B-972962A545DE}.Debug|Any CPU.Build.0 = Debug|Any CPU
		{B775FD21-D2B2-46FA-B07B-972962A545DE}.Release|Any CPU.ActiveCfg = Release|Any CPU
		{B775FD21-D2B2-46FA-B07B-972962A545DE}.Release|Any CPU.Build.0 = Release|Any CPU
	EndGlobalSection
EndGlobal
